
Microsoft Visual Studio Solution File, Format Version 12.00
# Visual Studio 15
VisualStudioVersion = 15.0.26124.0
MinimumVisualStudioVersion = 15.0.26124.0
Project("{2150E333-8FDC-42A3-9474-1A3956D46DE8}") = ".paket", ".paket", "{5251FDE6-34BD-4F0D-BA64-31AC2CE770B9}"
	ProjectSection(SolutionItems) = preProject
		paket.dependencies = paket.dependencies
	EndProjectSection
EndProject
Project("{2150E333-8FDC-42A3-9474-1A3956D46DE8}") = "src", "src", "{D2057756-562B-4A24-9313-E0C76F19FDF8}"
EndProject
Project("{FAE04EC0-301F-11D3-BF4B-00C04F79EFBC}") = "App.Worker", "src\worker\App.Worker.csproj", "{2750B92B-F7EF-4C8C-A3AA-46093D869DB4}"
EndProject
Project("{FAE04EC0-301F-11D3-BF4B-00C04F79EFBC}") = "App.Web", "src\web\App.Web.csproj", "{A45BD356-366C-4D5C-AE9A-68C321EC1D88}"
EndProject
Project("{2150E333-8FDC-42A3-9474-1A3956D46DE8}") = "tests", "tests", "{2879CD6F-8FE2-4BD1-B928-2E2D0CD7FB46}"
EndProject
Project("{FAE04EC0-301F-11D3-BF4B-00C04F79EFBC}") = "App.Web.Tests", "tests\web.tests\App.Web.Tests.csproj", "{B8E6E32A-13A6-4675-B17C-74F46FFDE6B2}"
EndProject
Project("{FAE04EC0-301F-11D3-BF4B-00C04F79EFBC}") = "App.Worker.Tests", "tests\worker.tests\App.Worker.Tests.csproj", "{F3A616ED-F99F-47D2-BC13-697D15E15BF7}"
EndProject
Project("{FAE04EC0-301F-11D3-BF4B-00C04F79EFBC}") = "App.Lib", "src\lib\App.Lib.csproj", "{B9F5ECCE-2B1B-42D2-B47D-CD8B52DB4775}"
EndProject
Global
	GlobalSection(SolutionConfigurationPlatforms) = preSolution
		Debug|Any CPU = Debug|Any CPU
		Debug|x64 = Debug|x64
		Debug|x86 = Debug|x86
		Release|Any CPU = Release|Any CPU
		Release|x64 = Release|x64
		Release|x86 = Release|x86
	EndGlobalSection
	GlobalSection(SolutionProperties) = preSolution
		HideSolutionNode = FALSE
	EndGlobalSection
	GlobalSection(ProjectConfigurationPlatforms) = postSolution
		{2750B92B-F7EF-4C8C-A3AA-46093D869DB4}.Debug|Any CPU.ActiveCfg = Debug|Any CPU
		{2750B92B-F7EF-4C8C-A3AA-46093D869DB4}.Debug|Any CPU.Build.0 = Debug|Any CPU
		{2750B92B-F7EF-4C8C-A3AA-46093D869DB4}.Debug|x64.ActiveCfg = Debug|Any CPU
		{2750B92B-F7EF-4C8C-A3AA-46093D869DB4}.Debug|x64.Build.0 = Debug|Any CPU
		{2750B92B-F7EF-4C8C-A3AA-46093D869DB4}.Debug|x86.ActiveCfg = Debug|Any CPU
		{2750B92B-F7EF-4C8C-A3AA-46093D869DB4}.Debug|x86.Build.0 = Debug|Any CPU
		{2750B92B-F7EF-4C8C-A3AA-46093D869DB4}.Release|Any CPU.ActiveCfg = Release|Any CPU
		{2750B92B-F7EF-4C8C-A3AA-46093D869DB4}.Release|Any CPU.Build.0 = Release|Any CPU
		{2750B92B-F7EF-4C8C-A3AA-46093D869DB4}.Release|x64.ActiveCfg = Release|Any CPU
		{2750B92B-F7EF-4C8C-A3AA-46093D869DB4}.Release|x64.Build.0 = Release|Any CPU
		{2750B92B-F7EF-4C8C-A3AA-46093D869DB4}.Release|x86.ActiveCfg = Release|Any CPU
		{2750B92B-F7EF-4C8C-A3AA-46093D869DB4}.Release|x86.Build.0 = Release|Any CPU
		{A45BD356-366C-4D5C-AE9A-68C321EC1D88}.Debug|Any CPU.ActiveCfg = Debug|Any CPU
		{A45BD356-366C-4D5C-AE9A-68C321EC1D88}.Debug|Any CPU.Build.0 = Debug|Any CPU
		{A45BD356-366C-4D5C-AE9A-68C321EC1D88}.Debug|x64.ActiveCfg = Debug|Any CPU
		{A45BD356-366C-4D5C-AE9A-68C321EC1D88}.Debug|x64.Build.0 = Debug|Any CPU
		{A45BD356-366C-4D5C-AE9A-68C321EC1D88}.Debug|x86.ActiveCfg = Debug|Any CPU
		{A45BD356-366C-4D5C-AE9A-68C321EC1D88}.Debug|x86.Build.0 = Debug|Any CPU
		{A45BD356-366C-4D5C-AE9A-68C321EC1D88}.Release|Any CPU.ActiveCfg = Release|Any CPU
		{A45BD356-366C-4D5C-AE9A-68C321EC1D88}.Release|Any CPU.Build.0 = Release|Any CPU
		{A45BD356-366C-4D5C-AE9A-68C321EC1D88}.Release|x64.ActiveCfg = Release|Any CPU
		{A45BD356-366C-4D5C-AE9A-68C321EC1D88}.Release|x64.Build.0 = Release|Any CPU
		{A45BD356-366C-4D5C-AE9A-68C321EC1D88}.Release|x86.ActiveCfg = Release|Any CPU
		{A45BD356-366C-4D5C-AE9A-68C321EC1D88}.Release|x86.Build.0 = Release|Any CPU
		{B8E6E32A-13A6-4675-B17C-74F46FFDE6B2}.Debug|Any CPU.ActiveCfg = Debug|Any CPU
		{B8E6E32A-13A6-4675-B17C-74F46FFDE6B2}.Debug|Any CPU.Build.0 = Debug|Any CPU
		{B8E6E32A-13A6-4675-B17C-74F46FFDE6B2}.Debug|x64.ActiveCfg = Debug|Any CPU
		{B8E6E32A-13A6-4675-B17C-74F46FFDE6B2}.Debug|x64.Build.0 = Debug|Any CPU
		{B8E6E32A-13A6-4675-B17C-74F46FFDE6B2}.Debug|x86.ActiveCfg = Debug|Any CPU
		{B8E6E32A-13A6-4675-B17C-74F46FFDE6B2}.Debug|x86.Build.0 = Debug|Any CPU
		{B8E6E32A-13A6-4675-B17C-74F46FFDE6B2}.Release|Any CPU.ActiveCfg = Release|Any CPU
		{B8E6E32A-13A6-4675-B17C-74F46FFDE6B2}.Release|Any CPU.Build.0 = Release|Any CPU
		{B8E6E32A-13A6-4675-B17C-74F46FFDE6B2}.Release|x64.ActiveCfg = Release|Any CPU
		{B8E6E32A-13A6-4675-B17C-74F46FFDE6B2}.Release|x64.Build.0 = Release|Any CPU
		{B8E6E32A-13A6-4675-B17C-74F46FFDE6B2}.Release|x86.ActiveCfg = Release|Any CPU
		{B8E6E32A-13A6-4675-B17C-74F46FFDE6B2}.Release|x86.Build.0 = Release|Any CPU
		{F3A616ED-F99F-47D2-BC13-697D15E15BF7}.Debug|Any CPU.ActiveCfg = Debug|Any CPU
		{F3A616ED-F99F-47D2-BC13-697D15E15BF7}.Debug|Any CPU.Build.0 = Debug|Any CPU
		{F3A616ED-F99F-47D2-BC13-697D15E15BF7}.Debug|x64.ActiveCfg = Debug|Any CPU
		{F3A616ED-F99F-47D2-BC13-697D15E15BF7}.Debug|x64.Build.0 = Debug|Any CPU
		{F3A616ED-F99F-47D2-BC13-697D15E15BF7}.Debug|x86.ActiveCfg = Debug|Any CPU
		{F3A616ED-F99F-47D2-BC13-697D15E15BF7}.Debug|x86.Build.0 = Debug|Any CPU
		{F3A616ED-F99F-47D2-BC13-697D15E15BF7}.Release|Any CPU.ActiveCfg = Release|Any CPU
		{F3A616ED-F99F-47D2-BC13-697D15E15BF7}.Release|Any CPU.Build.0 = Release|Any CPU
		{F3A616ED-F99F-47D2-BC13-697D15E15BF7}.Release|x64.ActiveCfg = Release|Any CPU
		{F3A616ED-F99F-47D2-BC13-697D15E15BF7}.Release|x64.Build.0 = Release|Any CPU
		{F3A616ED-F99F-47D2-BC13-697D15E15BF7}.Release|x86.ActiveCfg = Release|Any CPU
		{F3A616ED-F99F-47D2-BC13-697D15E15BF7}.Release|x86.Build.0 = Release|Any CPU
		{B9F5ECCE-2B1B-42D2-B47D-CD8B52DB4775}.Debug|Any CPU.ActiveCfg = Debug|Any CPU
		{B9F5ECCE-2B1B-42D2-B47D-CD8B52DB4775}.Debug|Any CPU.Build.0 = Debug|Any CPU
		{B9F5ECCE-2B1B-42D2-B47D-CD8B52DB4775}.Debug|x64.ActiveCfg = Debug|Any CPU
		{B9F5ECCE-2B1B-42D2-B47D-CD8B52DB4775}.Debug|x64.Build.0 = Debug|Any CPU
		{B9F5ECCE-2B1B-42D2-B47D-CD8B52DB4775}.Debug|x86.ActiveCfg = Debug|Any CPU
		{B9F5ECCE-2B1B-42D2-B47D-CD8B52DB4775}.Debug|x86.Build.0 = Debug|Any CPU
		{B9F5ECCE-2B1B-42D2-B47D-CD8B52DB4775}.Release|Any CPU.ActiveCfg = Release|Any CPU
		{B9F5ECCE-2B1B-42D2-B47D-CD8B52DB4775}.Release|Any CPU.Build.0 = Release|Any CPU
		{B9F5ECCE-2B1B-42D2-B47D-CD8B52DB4775}.Release|x64.ActiveCfg = Release|Any CPU
		{B9F5ECCE-2B1B-42D2-B47D-CD8B52DB4775}.Release|x64.Build.0 = Release|Any CPU
		{B9F5ECCE-2B1B-42D2-B47D-CD8B52DB4775}.Release|x86.ActiveCfg = Release|Any CPU
		{B9F5ECCE-2B1B-42D2-B47D-CD8B52DB4775}.Release|x86.Build.0 = Release|Any CPU
	EndGlobalSection
	GlobalSection(NestedProjects) = preSolution
		{2750B92B-F7EF-4C8C-A3AA-46093D869DB4} = {D2057756-562B-4A24-9313-E0C76F19FDF8}
		{A45BD356-366C-4D5C-AE9A-68C321EC1D88} = {D2057756-562B-4A24-9313-E0C76F19FDF8}
		{B8E6E32A-13A6-4675-B17C-74F46FFDE6B2} = {2879CD6F-8FE2-4BD1-B928-2E2D0CD7FB46}
		{F3A616ED-F99F-47D2-BC13-697D15E15BF7} = {2879CD6F-8FE2-4BD1-B928-2E2D0CD7FB46}
		{B9F5ECCE-2B1B-42D2-B47D-CD8B52DB4775} = {D2057756-562B-4A24-9313-E0C76F19FDF8}
	EndGlobalSection
EndGlobal
